
Microsoft Visual Studio Solution File, Format Version 12.00
# Visual Studio 15
VisualStudioVersion = 15.0.28307.572
MinimumVisualStudioVersion = 10.0.40219.1
Project("{FAE04EC0-301F-11D3-BF4B-00C04F79EFBC}") = "Lab8.App", "Lab8.App\Lab8.App.csproj", "{02535590-796B-42ED-AB51-DDA54BF49066}"
EndProject
Project("{FAE04EC0-301F-11D3-BF4B-00C04F79EFBC}") = "Lab8.Model", "Lab8.Model\Lab8.Model.csproj", "{F9A0A7A6-D7D2-476D-862E-985312A79B64}"
EndProject
Project("{FAE04EC0-301F-11D3-BF4B-00C04F79EFBC}") = "Lab8.DAL", "Lab8.DAL\Lab8.DAL.csproj", "{1AC6BD29-3E7E-4886-AC2D-EBCC0884055E}"
EndProject
Global
	GlobalSection(SolutionConfigurationPlatforms) = preSolution
		Debug|Any CPU = Debug|Any CPU
		Release|Any CPU = Release|Any CPU
	EndGlobalSection
	GlobalSection(ProjectConfigurationPlatforms) = postSolution
		{02535590-796B-42ED-AB51-DDA54BF49066}.Debug|Any CPU.ActiveCfg = Debug|Any CPU
		{02535590-796B-42ED-AB51-DDA54BF49066}.Debug|Any CPU.Build.0 = Debug|Any CPU
		{02535590-796B-42ED-AB51-DDA54BF49066}.Release|Any CPU.ActiveCfg = Release|Any CPU
		{02535590-796B-42ED-AB51-DDA54BF49066}.Release|Any CPU.Build.0 = Release|Any CPU
		{F9A0A7A6-D7D2-476D-862E-985312A79B64}.Debug|Any CPU.ActiveCfg = Debug|Any CPU
		{F9A0A7A6-D7D2-476D-862E-985312A79B64}.Debug|Any CPU.Build.0 = Debug|Any CPU
		{F9A0A7A6-D7D2-476D-862E-985312A79B64}.Release|Any CPU.ActiveCfg = Release|Any CPU
		{F9A0A7A6-D7D2-476D-862E-985312A79B64}.Release|Any CPU.Build.0 = Release|Any CPU
		{1AC6BD29-3E7E-4886-AC2D-EBCC0884055E}.Debug|Any CPU.ActiveCfg = Debug|Any CPU
		{1AC6BD29-3E7E-4886-AC2D-EBCC0884055E}.Debug|Any CPU.Build.0 = Debug|Any CPU
		{1AC6BD29-3E7E-4886-AC2D-EBCC0884055E}.Release|Any CPU.ActiveCfg = Release|Any CPU
		{1AC6BD29-3E7E-4886-AC2D-EBCC0884055E}.Release|Any CPU.Build.0 = Release|Any CPU
	EndGlobalSection
	GlobalSection(SolutionProperties) = preSolution
		HideSolutionNode = FALSE
	EndGlobalSection
	GlobalSection(ExtensibilityGlobals) = postSolution
		SolutionGuid = {12EC181D-0292-4832-B079-3E160FFF98A5}
	EndGlobalSection
EndGlobal
