
Microsoft Visual Studio Solution File, Format Version 12.00
# Visual Studio Version 16
VisualStudioVersion = 16.0.29609.76
MinimumVisualStudioVersion = 10.0.40219.1
Project("{FAE04EC0-301F-11D3-BF4B-00C04F79EFBC}") = "lab 9", "lab 9.csproj", "{3A9760BB-896B-4187-B989-33D9A47F9284}"
EndProject
Global
	GlobalSection(SolutionConfigurationPlatforms) = preSolution
		Debug|Any CPU = Debug|Any CPU
		Release|Any CPU = Release|Any CPU
	EndGlobalSection
	GlobalSection(ProjectConfigurationPlatforms) = postSolution
		{3A9760BB-896B-4187-B989-33D9A47F9284}.Debug|Any CPU.ActiveCfg = Debug|Any CPU
		{3A9760BB-896B-4187-B989-33D9A47F9284}.Debug|Any CPU.Build.0 = Debug|Any CPU
		{3A9760BB-896B-4187-B989-33D9A47F9284}.Release|Any CPU.ActiveCfg = Release|Any CPU
		{3A9760BB-896B-4187-B989-33D9A47F9284}.Release|Any CPU.Build.0 = Release|Any CPU
	EndGlobalSection
	GlobalSection(SolutionProperties) = preSolution
		HideSolutionNode = FALSE
	EndGlobalSection
	GlobalSection(ExtensibilityGlobals) = postSolution
		SolutionGuid = {CBE40D0E-9234-4435-B3E7-C4D97C4AAD98}
	EndGlobalSection
EndGlobal
