
Microsoft Visual Studio Solution File, Format Version 12.00
# Visual Studio Version 16
VisualStudioVersion = 16.0.28803.452
MinimumVisualStudioVersion = 10.0.40219.1
Project("{FAE04EC0-301F-11D3-BF4B-00C04F79EFBC}") = "Lab9", "Lab9\Lab9.csproj", "{DE189208-DFFA-4345-B334-CA6F6BD43FCB}"
EndProject
Global
	GlobalSection(SolutionConfigurationPlatforms) = preSolution
		Debug|Any CPU = Debug|Any CPU
		Release|Any CPU = Release|Any CPU
	EndGlobalSection
	GlobalSection(ProjectConfigurationPlatforms) = postSolution
		{DE189208-DFFA-4345-B334-CA6F6BD43FCB}.Debug|Any CPU.ActiveCfg = Debug|Any CPU
		{DE189208-DFFA-4345-B334-CA6F6BD43FCB}.Debug|Any CPU.Build.0 = Debug|Any CPU
		{DE189208-DFFA-4345-B334-CA6F6BD43FCB}.Release|Any CPU.ActiveCfg = Release|Any CPU
		{DE189208-DFFA-4345-B334-CA6F6BD43FCB}.Release|Any CPU.Build.0 = Release|Any CPU
	EndGlobalSection
	GlobalSection(SolutionProperties) = preSolution
		HideSolutionNode = FALSE
	EndGlobalSection
	GlobalSection(ExtensibilityGlobals) = postSolution
		SolutionGuid = {F7B0B40C-0B40-4D23-8DF0-97F88B3451C6}
	EndGlobalSection
EndGlobal
