
Microsoft Visual Studio Solution File, Format Version 12.00
# Visual Studio Version 16
VisualStudioVersion = 16.0.29424.173
MinimumVisualStudioVersion = 10.0.40219.1
Project("{FAE04EC0-301F-11D3-BF4B-00C04F79EFBC}") = "Zad04", "Zad04\Zad04.csproj", "{9EC5B181-30FD-4470-AAE7-2F1B9F00283E}"
EndProject
Global
	GlobalSection(SolutionConfigurationPlatforms) = preSolution
		Debug|Any CPU = Debug|Any CPU
		Release|Any CPU = Release|Any CPU
	EndGlobalSection
	GlobalSection(ProjectConfigurationPlatforms) = postSolution
		{9EC5B181-30FD-4470-AAE7-2F1B9F00283E}.Debug|Any CPU.ActiveCfg = Debug|Any CPU
		{9EC5B181-30FD-4470-AAE7-2F1B9F00283E}.Debug|Any CPU.Build.0 = Debug|Any CPU
		{9EC5B181-30FD-4470-AAE7-2F1B9F00283E}.Release|Any CPU.ActiveCfg = Release|Any CPU
		{9EC5B181-30FD-4470-AAE7-2F1B9F00283E}.Release|Any CPU.Build.0 = Release|Any CPU
	EndGlobalSection
	GlobalSection(SolutionProperties) = preSolution
		HideSolutionNode = FALSE
	EndGlobalSection
	GlobalSection(ExtensibilityGlobals) = postSolution
		SolutionGuid = {E9FB16EC-7021-4083-9492-DDF0A38169FF}
	EndGlobalSection
EndGlobal
