
Microsoft Visual Studio Solution File, Format Version 12.00
# Visual Studio Version 16
VisualStudioVersion = 16.0.30104.148
MinimumVisualStudioVersion = 10.0.40219.1
Project("{FAE04EC0-301F-11D3-BF4B-00C04F79EFBC}") = "Lab11", "Lab11.csproj", "{9538642D-D135-48EB-87F8-AFC6D7F6407B}"
EndProject
Global
	GlobalSection(SolutionConfigurationPlatforms) = preSolution
		Debug|Any CPU = Debug|Any CPU
		Release|Any CPU = Release|Any CPU
	EndGlobalSection
	GlobalSection(ProjectConfigurationPlatforms) = postSolution
		{9538642D-D135-48EB-87F8-AFC6D7F6407B}.Debug|Any CPU.ActiveCfg = Debug|Any CPU
		{9538642D-D135-48EB-87F8-AFC6D7F6407B}.Debug|Any CPU.Build.0 = Debug|Any CPU
		{9538642D-D135-48EB-87F8-AFC6D7F6407B}.Release|Any CPU.ActiveCfg = Release|Any CPU
		{9538642D-D135-48EB-87F8-AFC6D7F6407B}.Release|Any CPU.Build.0 = Release|Any CPU
	EndGlobalSection
	GlobalSection(SolutionProperties) = preSolution
		HideSolutionNode = FALSE
	EndGlobalSection
	GlobalSection(ExtensibilityGlobals) = postSolution
		SolutionGuid = {E45806EF-80B5-496F-823B-F77D8FD17B1B}
	EndGlobalSection
EndGlobal
