
Microsoft Visual Studio Solution File, Format Version 12.00
# Visual Studio Version 16
VisualStudioVersion = 16.0.29609.76
MinimumVisualStudioVersion = 10.0.40219.1
Project("{FAE04EC0-301F-11D3-BF4B-00C04F79EFBC}") = "lab 8", "lab 8.csproj", "{9EDD2042-C296-47FB-93D9-C4C1D7A5F7D1}"
EndProject
Global
	GlobalSection(SolutionConfigurationPlatforms) = preSolution
		Debug|Any CPU = Debug|Any CPU
		Release|Any CPU = Release|Any CPU
	EndGlobalSection
	GlobalSection(ProjectConfigurationPlatforms) = postSolution
		{9EDD2042-C296-47FB-93D9-C4C1D7A5F7D1}.Debug|Any CPU.ActiveCfg = Debug|Any CPU
		{9EDD2042-C296-47FB-93D9-C4C1D7A5F7D1}.Debug|Any CPU.Build.0 = Debug|Any CPU
		{9EDD2042-C296-47FB-93D9-C4C1D7A5F7D1}.Release|Any CPU.ActiveCfg = Release|Any CPU
		{9EDD2042-C296-47FB-93D9-C4C1D7A5F7D1}.Release|Any CPU.Build.0 = Release|Any CPU
	EndGlobalSection
	GlobalSection(SolutionProperties) = preSolution
		HideSolutionNode = FALSE
	EndGlobalSection
	GlobalSection(ExtensibilityGlobals) = postSolution
		SolutionGuid = {293D0B10-F912-4F14-B23F-8CFFB933F035}
	EndGlobalSection
EndGlobal
