
Microsoft Visual Studio Solution File, Format Version 12.00
# Visual Studio Version 16
VisualStudioVersion = 16.0.29728.190
MinimumVisualStudioVersion = 10.0.40219.1
Project("{FAE04EC0-301F-11D3-BF4B-00C04F79EFBC}") = "Lab9", "Lab9\Lab9.csproj", "{2684FEAD-4BAB-4BF8-AC72-0CF8840FC17E}"
EndProject
Global
	GlobalSection(SolutionConfigurationPlatforms) = preSolution
		Debug|Any CPU = Debug|Any CPU
		Release|Any CPU = Release|Any CPU
	EndGlobalSection
	GlobalSection(ProjectConfigurationPlatforms) = postSolution
		{2684FEAD-4BAB-4BF8-AC72-0CF8840FC17E}.Debug|Any CPU.ActiveCfg = Debug|Any CPU
		{2684FEAD-4BAB-4BF8-AC72-0CF8840FC17E}.Debug|Any CPU.Build.0 = Debug|Any CPU
		{2684FEAD-4BAB-4BF8-AC72-0CF8840FC17E}.Release|Any CPU.ActiveCfg = Release|Any CPU
		{2684FEAD-4BAB-4BF8-AC72-0CF8840FC17E}.Release|Any CPU.Build.0 = Release|Any CPU
	EndGlobalSection
	GlobalSection(SolutionProperties) = preSolution
		HideSolutionNode = FALSE
	EndGlobalSection
	GlobalSection(ExtensibilityGlobals) = postSolution
		SolutionGuid = {D7EAD4A8-50C1-4869-81F1-53BE25C36B90}
	EndGlobalSection
EndGlobal
