
Microsoft Visual Studio Solution File, Format Version 12.00
# Visual Studio Version 16
VisualStudioVersion = 16.0.29509.3
MinimumVisualStudioVersion = 10.0.40219.1
Project("{FAE04EC0-301F-11D3-BF4B-00C04F79EFBC}") = "Lab1_biela", "Lab1_biela.csproj", "{B6227DCC-CD96-4626-B15C-FACF2FD527BC}"
EndProject
Global
	GlobalSection(SolutionConfigurationPlatforms) = preSolution
		Debug|Any CPU = Debug|Any CPU
		Release|Any CPU = Release|Any CPU
	EndGlobalSection
	GlobalSection(ProjectConfigurationPlatforms) = postSolution
		{B6227DCC-CD96-4626-B15C-FACF2FD527BC}.Debug|Any CPU.ActiveCfg = Debug|Any CPU
		{B6227DCC-CD96-4626-B15C-FACF2FD527BC}.Debug|Any CPU.Build.0 = Debug|Any CPU
		{B6227DCC-CD96-4626-B15C-FACF2FD527BC}.Release|Any CPU.ActiveCfg = Release|Any CPU
		{B6227DCC-CD96-4626-B15C-FACF2FD527BC}.Release|Any CPU.Build.0 = Release|Any CPU
	EndGlobalSection
	GlobalSection(SolutionProperties) = preSolution
		HideSolutionNode = FALSE
	EndGlobalSection
	GlobalSection(ExtensibilityGlobals) = postSolution
		SolutionGuid = {22912B34-2FEF-467A-A90D-32DFEEE1F581}
	EndGlobalSection
EndGlobal
