
Microsoft Visual Studio Solution File, Format Version 12.00
# Visual Studio Version 16
VisualStudioVersion = 16.0.30011.22
MinimumVisualStudioVersion = 10.0.40219.1
Project("{FAE04EC0-301F-11D3-BF4B-00C04F79EFBC}") = "Lab12.Client", "Lab12.Client\Lab12.Client.csproj", "{22A12F34-A7E6-4662-B823-37C8E6227990}"
EndProject
Project("{FAE04EC0-301F-11D3-BF4B-00C04F79EFBC}") = "Lab12.Server", "Lab12.Server\Lab12.Server.csproj", "{5C8B8D60-D318-4D72-BD45-75D1F4EC79BD}"
EndProject
Project("{FAE04EC0-301F-11D3-BF4B-00C04F79EFBC}") = "Lab12.Server.Model", "Lab12.Server.Model\Lab12.Server.Model.csproj", "{BA5509A2-860B-4880-BB9E-0FFC0A23C1B3}"
EndProject
Project("{FAE04EC0-301F-11D3-BF4B-00C04F79EFBC}") = "Lab12.Server.DAL", "Lab12.Server.DAL\Lab12.Server.DAL.csproj", "{90304559-1171-4191-B1D6-CA80AC606EB1}"
EndProject
Project("{FAE04EC0-301F-11D3-BF4B-00C04F79EFBC}") = "Lab12.Server.Utilities", "Lab12.Server.Utilities\Lab12.Server.Utilities.csproj", "{71B6B28D-6393-479E-A943-80BDE5C6FCF6}"
EndProject
Global
	GlobalSection(SolutionConfigurationPlatforms) = preSolution
		Debug|Any CPU = Debug|Any CPU
		Release|Any CPU = Release|Any CPU
	EndGlobalSection
	GlobalSection(ProjectConfigurationPlatforms) = postSolution
		{22A12F34-A7E6-4662-B823-37C8E6227990}.Debug|Any CPU.ActiveCfg = Debug|Any CPU
		{22A12F34-A7E6-4662-B823-37C8E6227990}.Debug|Any CPU.Build.0 = Debug|Any CPU
		{22A12F34-A7E6-4662-B823-37C8E6227990}.Release|Any CPU.ActiveCfg = Release|Any CPU
		{22A12F34-A7E6-4662-B823-37C8E6227990}.Release|Any CPU.Build.0 = Release|Any CPU
		{5C8B8D60-D318-4D72-BD45-75D1F4EC79BD}.Debug|Any CPU.ActiveCfg = Debug|Any CPU
		{5C8B8D60-D318-4D72-BD45-75D1F4EC79BD}.Debug|Any CPU.Build.0 = Debug|Any CPU
		{5C8B8D60-D318-4D72-BD45-75D1F4EC79BD}.Release|Any CPU.ActiveCfg = Release|Any CPU
		{5C8B8D60-D318-4D72-BD45-75D1F4EC79BD}.Release|Any CPU.Build.0 = Release|Any CPU
		{BA5509A2-860B-4880-BB9E-0FFC0A23C1B3}.Debug|Any CPU.ActiveCfg = Debug|Any CPU
		{BA5509A2-860B-4880-BB9E-0FFC0A23C1B3}.Debug|Any CPU.Build.0 = Debug|Any CPU
		{BA5509A2-860B-4880-BB9E-0FFC0A23C1B3}.Release|Any CPU.ActiveCfg = Release|Any CPU
		{BA5509A2-860B-4880-BB9E-0FFC0A23C1B3}.Release|Any CPU.Build.0 = Release|Any CPU
		{90304559-1171-4191-B1D6-CA80AC606EB1}.Debug|Any CPU.ActiveCfg = Debug|Any CPU
		{90304559-1171-4191-B1D6-CA80AC606EB1}.Debug|Any CPU.Build.0 = Debug|Any CPU
		{90304559-1171-4191-B1D6-CA80AC606EB1}.Release|Any CPU.ActiveCfg = Release|Any CPU
		{90304559-1171-4191-B1D6-CA80AC606EB1}.Release|Any CPU.Build.0 = Release|Any CPU
		{71B6B28D-6393-479E-A943-80BDE5C6FCF6}.Debug|Any CPU.ActiveCfg = Debug|Any CPU
		{71B6B28D-6393-479E-A943-80BDE5C6FCF6}.Debug|Any CPU.Build.0 = Debug|Any CPU
		{71B6B28D-6393-479E-A943-80BDE5C6FCF6}.Release|Any CPU.ActiveCfg = Release|Any CPU
		{71B6B28D-6393-479E-A943-80BDE5C6FCF6}.Release|Any CPU.Build.0 = Release|Any CPU
	EndGlobalSection
	GlobalSection(SolutionProperties) = preSolution
		HideSolutionNode = FALSE
	EndGlobalSection
	GlobalSection(ExtensibilityGlobals) = postSolution
		SolutionGuid = {6A909F83-F012-4E8B-BB44-4FA08EED65FD}
	EndGlobalSection
EndGlobal
