
Microsoft Visual Studio Solution File, Format Version 12.00
# Visual Studio Version 16
VisualStudioVersion = 16.0.30002.166
MinimumVisualStudioVersion = 10.0.40219.1
Project("{FAE04EC0-301F-11D3-BF4B-00C04F79EFBC}") = "Lab10", "Lab10.csproj", "{DC1B7747-3E99-4F70-AF81-9146AF1AA10E}"
EndProject
Global
	GlobalSection(SolutionConfigurationPlatforms) = preSolution
		Debug|Any CPU = Debug|Any CPU
		Release|Any CPU = Release|Any CPU
	EndGlobalSection
	GlobalSection(ProjectConfigurationPlatforms) = postSolution
		{DC1B7747-3E99-4F70-AF81-9146AF1AA10E}.Debug|Any CPU.ActiveCfg = Debug|Any CPU
		{DC1B7747-3E99-4F70-AF81-9146AF1AA10E}.Debug|Any CPU.Build.0 = Debug|Any CPU
		{DC1B7747-3E99-4F70-AF81-9146AF1AA10E}.Release|Any CPU.ActiveCfg = Release|Any CPU
		{DC1B7747-3E99-4F70-AF81-9146AF1AA10E}.Release|Any CPU.Build.0 = Release|Any CPU
	EndGlobalSection
	GlobalSection(SolutionProperties) = preSolution
		HideSolutionNode = FALSE
	EndGlobalSection
	GlobalSection(ExtensibilityGlobals) = postSolution
		SolutionGuid = {100493F8-669E-4BFB-A7E6-D1330F7218A6}
	EndGlobalSection
EndGlobal
