
Microsoft Visual Studio Solution File, Format Version 12.00
# Visual Studio Version 16
VisualStudioVersion = 16.0.28803.452
MinimumVisualStudioVersion = 10.0.40219.1
Project("{FAE04EC0-301F-11D3-BF4B-00C04F79EFBC}") = "lab6", "lab6\lab6.csproj", "{EB0B7FC8-57F0-49CD-8DD5-867ABF0075EE}"
EndProject
Global
	GlobalSection(SolutionConfigurationPlatforms) = preSolution
		Debug|Any CPU = Debug|Any CPU
		Release|Any CPU = Release|Any CPU
	EndGlobalSection
	GlobalSection(ProjectConfigurationPlatforms) = postSolution
		{EB0B7FC8-57F0-49CD-8DD5-867ABF0075EE}.Debug|Any CPU.ActiveCfg = Debug|Any CPU
		{EB0B7FC8-57F0-49CD-8DD5-867ABF0075EE}.Debug|Any CPU.Build.0 = Debug|Any CPU
		{EB0B7FC8-57F0-49CD-8DD5-867ABF0075EE}.Release|Any CPU.ActiveCfg = Release|Any CPU
		{EB0B7FC8-57F0-49CD-8DD5-867ABF0075EE}.Release|Any CPU.Build.0 = Release|Any CPU
	EndGlobalSection
	GlobalSection(SolutionProperties) = preSolution
		HideSolutionNode = FALSE
	EndGlobalSection
	GlobalSection(ExtensibilityGlobals) = postSolution
		SolutionGuid = {0999A548-7E51-4AF8-AEF6-A0BB7C80BD31}
	EndGlobalSection
EndGlobal
