
Microsoft Visual Studio Solution File, Format Version 12.00
# Visual Studio Version 16
VisualStudioVersion = 16.0.29728.190
MinimumVisualStudioVersion = 10.0.40219.1
Project("{FAE04EC0-301F-11D3-BF4B-00C04F79EFBC}") = "Lab6", "Lab6\Lab6.csproj", "{1FAEACED-9DF0-40F0-B10A-360A138F7E54}"
EndProject
Global
	GlobalSection(SolutionConfigurationPlatforms) = preSolution
		Debug|Any CPU = Debug|Any CPU
		Release|Any CPU = Release|Any CPU
	EndGlobalSection
	GlobalSection(ProjectConfigurationPlatforms) = postSolution
		{1FAEACED-9DF0-40F0-B10A-360A138F7E54}.Debug|Any CPU.ActiveCfg = Debug|Any CPU
		{1FAEACED-9DF0-40F0-B10A-360A138F7E54}.Debug|Any CPU.Build.0 = Debug|Any CPU
		{1FAEACED-9DF0-40F0-B10A-360A138F7E54}.Release|Any CPU.ActiveCfg = Release|Any CPU
		{1FAEACED-9DF0-40F0-B10A-360A138F7E54}.Release|Any CPU.Build.0 = Release|Any CPU
	EndGlobalSection
	GlobalSection(SolutionProperties) = preSolution
		HideSolutionNode = FALSE
	EndGlobalSection
	GlobalSection(ExtensibilityGlobals) = postSolution
		SolutionGuid = {70033622-7451-453A-9288-2EF449A74D00}
	EndGlobalSection
EndGlobal
