
Microsoft Visual Studio Solution File, Format Version 12.00
# Visual Studio 15
VisualStudioVersion = 15.0.28307.572
MinimumVisualStudioVersion = 10.0.40219.1
Project("{FAE04EC0-301F-11D3-BF4B-00C04F79EFBC}") = "Lab7", "Lab7\Lab7.csproj", "{544FBB50-FB76-41EE-B380-A4A8E4DFEE09}"
EndProject
Global
	GlobalSection(SolutionConfigurationPlatforms) = preSolution
		Debug|Any CPU = Debug|Any CPU
		Release|Any CPU = Release|Any CPU
	EndGlobalSection
	GlobalSection(ProjectConfigurationPlatforms) = postSolution
		{544FBB50-FB76-41EE-B380-A4A8E4DFEE09}.Debug|Any CPU.ActiveCfg = Debug|Any CPU
		{544FBB50-FB76-41EE-B380-A4A8E4DFEE09}.Debug|Any CPU.Build.0 = Debug|Any CPU
		{544FBB50-FB76-41EE-B380-A4A8E4DFEE09}.Release|Any CPU.ActiveCfg = Release|Any CPU
		{544FBB50-FB76-41EE-B380-A4A8E4DFEE09}.Release|Any CPU.Build.0 = Release|Any CPU
	EndGlobalSection
	GlobalSection(SolutionProperties) = preSolution
		HideSolutionNode = FALSE
	EndGlobalSection
	GlobalSection(ExtensibilityGlobals) = postSolution
		SolutionGuid = {76F994CA-7AD4-4EEE-9626-03FE57AC54A4}
	EndGlobalSection
EndGlobal
